<?xml version="1.0" encoding="utf-8"?>
<Project ToolsVersion="4.0" xmlns="http://schemas.microsoft.com/developer/msbuild/2003">
  <ItemGroup>
    <Filter Include="src">
      <UniqueIdentifier>{bd5b6606-132e-4dcc-bb78-429ebf9e33af}</UniqueIdentifier>
    </Filter>
  </ItemGroup>
  <ItemGroup>
    <ClCompile Include="nanovg.c">
      <Filter>src</Filter>
    </ClCompile>
  </ItemGroup>
</Project>